// !$*UTF8*$!
{
	archiveVersion = 1;
	classes = {
	};
	objectVersion = 46;
	objects = {

/* Begin PBXBuildFile section */
		BE091EC21ADFE99D004A2782 /* AppDelegate.swift in Sources */ = {isa = PBXBuildFile; fileRef = BE091EC11ADFE99D004A2782 /* AppDelegate.swift */; };
		BE091EC41ADFE99D004A2782 /* GameScene.sks in Resources */ = {isa = PBXBuildFile; fileRef = BE091EC31ADFE99D004A2782 /* GameScene.sks */; };
		BE091EC81ADFE99D004A2782 /* GameViewController.swift in Sources */ = {isa = PBXBuildFile; fileRef = BE091EC71ADFE99D004A2782 /* GameViewController.swift */; };
		BE091ECB1ADFE99D004A2782 /* Main.storyboard in Resources */ = {isa = PBXBuildFile; fileRef = BE091EC91ADFE99D004A2782 /* Main.storyboard */; };
		BE091ECD1ADFE99D004A2782 /* Images.xcassets in Resources */ = {isa = PBXBuildFile; fileRef = BE091ECC1ADFE99D004A2782 /* Images.xcassets */; };
		BE091ED01ADFE99D004A2782 /* LaunchScreen.xib in Resources */ = {isa = PBXBuildFile; fileRef = BE091ECE1ADFE99D004A2782 /* LaunchScreen.xib */; };
		BE091EDC1ADFE99D004A2782 /* ShootEggsTests.swift in Sources */ = {isa = PBXBuildFile; fileRef = BE091EDB1ADFE99D004A2782 /* ShootEggsTests.swift */; };
		BE091EE61ADFEC0B004A2782 /* EggNote.swift in Sources */ = {isa = PBXBuildFile; fileRef = BE091EE51ADFEC0B004A2782 /* EggNote.swift */; };
		BE091EE81ADFF018004A2782 /* Array2D.swift in Sources */ = {isa = PBXBuildFile; fileRef = BE091EE71ADFF018004A2782 /* Array2D.swift */; };
		BE091EEA1ADFF079004A2782 /* Level.swift in Sources */ = {isa = PBXBuildFile; fileRef = BE091EE91ADFF079004A2782 /* Level.swift */; };
		BE091EEF1ADFF4A7004A2782 /* blue.png in Resources */ = {isa = PBXBuildFile; fileRef = BE091EEC1ADFF4A7004A2782 /* blue.png */; };
		BE091EF01ADFF4A7004A2782 /* red.png in Resources */ = {isa = PBXBuildFile; fileRef = BE091EED1ADFF4A7004A2782 /* red.png */; };
		BE091EF11ADFF4A7004A2782 /* white.png in Resources */ = {isa = PBXBuildFile; fileRef = BE091EEE1ADFF4A7004A2782 /* white.png */; };
		BE7EF1FC1AE168720063CE77 /* Bubble.swift in Sources */ = {isa = PBXBuildFile; fileRef = BE7EF1FB1AE168720063CE77 /* Bubble.swift */; };
		BE7EF2021AE16C3D0063CE77 /* ball_0.png in Resources */ = {isa = PBXBuildFile; fileRef = BE7EF1FD1AE16C3D0063CE77 /* ball_0.png */; };
		BE7EF2031AE16C3D0063CE77 /* ball_1.png in Resources */ = {isa = PBXBuildFile; fileRef = BE7EF1FE1AE16C3D0063CE77 /* ball_1.png */; };
		BE7EF2051AE16C3D0063CE77 /* ball_3.png in Resources */ = {isa = PBXBuildFile; fileRef = BE7EF2001AE16C3D0063CE77 /* ball_3.png */; };
		BE7EF2061AE16C3D0063CE77 /* ball_4.png in Resources */ = {isa = PBXBuildFile; fileRef = BE7EF2011AE16C3D0063CE77 /* ball_4.png */; };
		BE7EF2081AE181930063CE77 /* ball_2.png in Resources */ = {isa = PBXBuildFile; fileRef = BE7EF2071AE181930063CE77 /* ball_2.png */; };
		BECC9AA31AE24B070091B900 /* GameScene.swift in Sources */ = {isa = PBXBuildFile; fileRef = BECC9AA21AE24B070091B900 /* GameScene.swift */; };
/* End PBXBuildFile section */

/* Begin PBXContainerItemProxy section */
		BE091ED61ADFE99D004A2782 /* PBXContainerItemProxy */ = {
			isa = PBXContainerItemProxy;
			containerPortal = BE091EB41ADFE99D004A2782 /* Project object */;
			proxyType = 1;
			remoteGlobalIDString = BE091EBB1ADFE99D004A2782;
			remoteInfo = ShootEggs;
		};
/* End PBXContainerItemProxy section */

/* Begin PBXFileReference section */
		BE091EBC1ADFE99D004A2782 /* ShootEggs.app */ = {isa = PBXFileReference; explicitFileType = wrapper.application; includeInIndex = 0; path = ShootEggs.app; sourceTree = BUILT_PRODUCTS_DIR; };
		BE091EC01ADFE99D004A2782 /* Info.plist */ = {isa = PBXFileReference; lastKnownFileType = text.plist.xml; path = Info.plist; sourceTree = "<group>"; };
		BE091EC11ADFE99D004A2782 /* AppDelegate.swift */ = {isa = PBXFileReference; lastKnownFileType = sourcecode.swift; path = AppDelegate.swift; sourceTree = "<group>"; };
		BE091EC31ADFE99D004A2782 /* GameScene.sks */ = {isa = PBXFileReference; lastKnownFileType = file.sks; path = GameScene.sks; sourceTree = "<group>"; };
		BE091EC71ADFE99D004A2782 /* GameViewController.swift */ = {isa = PBXFileReference; lastKnownFileType = sourcecode.swift; path = GameViewController.swift; sourceTree = "<group>"; };
		BE091ECA1ADFE99D004A2782 /* Base */ = {isa = PBXFileReference; lastKnownFileType = file.storyboard; name = Base; path = Base.lproj/Main.storyboard; sourceTree = "<group>"; };
		BE091ECC1ADFE99D004A2782 /* Images.xcassets */ = {isa = PBXFileReference; lastKnownFileType = folder.assetcatalog; path = Images.xcassets; sourceTree = "<group>"; };
		BE091ECF1ADFE99D004A2782 /* Base */ = {isa = PBXFileReference; lastKnownFileType = file.xib; name = Base; path = Base.lproj/LaunchScreen.xib; sourceTree = "<group>"; };
		BE091ED51ADFE99D004A2782 /* ShootEggsTests.xctest */ = {isa = PBXFileReference; explicitFileType = wrapper.cfbundle; includeInIndex = 0; path = ShootEggsTests.xctest; sourceTree = BUILT_PRODUCTS_DIR; };
		BE091EDA1ADFE99D004A2782 /* Info.plist */ = {isa = PBXFileReference; lastKnownFileType = text.plist.xml; path = Info.plist; sourceTree = "<group>"; };
		BE091EDB1ADFE99D004A2782 /* ShootEggsTests.swift */ = {isa = PBXFileReference; lastKnownFileType = sourcecode.swift; path = ShootEggsTests.swift; sourceTree = "<group>"; };
		BE091EE51ADFEC0B004A2782 /* EggNote.swift */ = {isa = PBXFileReference; fileEncoding = 4; lastKnownFileType = sourcecode.swift; path = EggNote.swift; sourceTree = "<group>"; };
		BE091EE71ADFF018004A2782 /* Array2D.swift */ = {isa = PBXFileReference; fileEncoding = 4; lastKnownFileType = sourcecode.swift; path = Array2D.swift; sourceTree = "<group>"; };
		BE091EE91ADFF079004A2782 /* Level.swift */ = {isa = PBXFileReference; fileEncoding = 4; lastKnownFileType = sourcecode.swift; path = Level.swift; sourceTree = "<group>"; };
		BE091EEC1ADFF4A7004A2782 /* blue.png */ = {isa = PBXFileReference; lastKnownFileType = image.png; path = blue.png; sourceTree = "<group>"; };
		BE091EED1ADFF4A7004A2782 /* red.png */ = {isa = PBXFileReference; lastKnownFileType = image.png; path = red.png; sourceTree = "<group>"; };
		BE091EEE1ADFF4A7004A2782 /* white.png */ = {isa = PBXFileReference; lastKnownFileType = image.png; path = white.png; sourceTree = "<group>"; };
		BE7EF1FB1AE168720063CE77 /* Bubble.swift */ = {isa = PBXFileReference; fileEncoding = 4; lastKnownFileType = sourcecode.swift; path = Bubble.swift; sourceTree = "<group>"; };
		BE7EF1FD1AE16C3D0063CE77 /* ball_0.png */ = {isa = PBXFileReference; lastKnownFileType = image.png; path = ball_0.png; sourceTree = "<group>"; };
		BE7EF1FE1AE16C3D0063CE77 /* ball_1.png */ = {isa = PBXFileReference; lastKnownFileType = image.png; path = ball_1.png; sourceTree = "<group>"; };
		BE7EF2001AE16C3D0063CE77 /* ball_3.png */ = {isa = PBXFileReference; lastKnownFileType = image.png; path = ball_3.png; sourceTree = "<group>"; };
		BE7EF2011AE16C3D0063CE77 /* ball_4.png */ = {isa = PBXFileReference; lastKnownFileType = image.png; path = ball_4.png; sourceTree = "<group>"; };
		BE7EF2071AE181930063CE77 /* ball_2.png */ = {isa = PBXFileReference; lastKnownFileType = image.png; path = ball_2.png; sourceTree = "<group>"; };
		BECC9AA21AE24B070091B900 /* GameScene.swift */ = {isa = PBXFileReference; fileEncoding = 4; lastKnownFileType = sourcecode.swift; path = GameScene.swift; sourceTree = "<group>"; };
/* End PBXFileReference section */

/* Begin PBXFrameworksBuildPhase section */
		BE091EB91ADFE99D004A2782 /* Frameworks */ = {
			isa = PBXFrameworksBuildPhase;
			buildActionMask = 2147483647;
			files = (
			);
			runOnlyForDeploymentPostprocessing = 0;
		};
		BE091ED21ADFE99D004A2782 /* Frameworks */ = {
			isa = PBXFrameworksBuildPhase;
			buildActionMask = 2147483647;
			files = (
			);
			runOnlyForDeploymentPostprocessing = 0;
		};
/* End PBXFrameworksBuildPhase section */

/* Begin PBXGroup section */
		BE091EB31ADFE99D004A2782 = {
			isa = PBXGroup;
			children = (
				BE091EBE1ADFE99D004A2782 /* ShootEggs */,
				BE091ED81ADFE99D004A2782 /* ShootEggsTests */,
				BE091EBD1ADFE99D004A2782 /* Products */,
			);
			sourceTree = "<group>";
		};
		BE091EBD1ADFE99D004A2782 /* Products */ = {
			isa = PBXGroup;
			children = (
				BE091EBC1ADFE99D004A2782 /* ShootEggs.app */,
				BE091ED51ADFE99D004A2782 /* ShootEggsTests.xctest */,
			);
			name = Products;
			sourceTree = "<group>";
		};
		BE091EBE1ADFE99D004A2782 /* ShootEggs */ = {
			isa = PBXGroup;
			children = (
				BE091EEB1ADFF49C004A2782 /* Image */,
				BE091EC11ADFE99D004A2782 /* AppDelegate.swift */,
				BE091EC31ADFE99D004A2782 /* GameScene.sks */,
				BE7EF1FB1AE168720063CE77 /* Bubble.swift */,
				BE091EC71ADFE99D004A2782 /* GameViewController.swift */,
				BECC9AA21AE24B070091B900 /* GameScene.swift */,
				BE091EE71ADFF018004A2782 /* Array2D.swift */,
				BE091EE51ADFEC0B004A2782 /* EggNote.swift */,
				BE091EE91ADFF079004A2782 /* Level.swift */,
				BE091EC91ADFE99D004A2782 /* Main.storyboard */,
				BE091ECC1ADFE99D004A2782 /* Images.xcassets */,
				BE091ECE1ADFE99D004A2782 /* LaunchScreen.xib */,
				BE091EBF1ADFE99D004A2782 /* Supporting Files */,
			);
			path = ShootEggs;
			sourceTree = "<group>";
		};
		BE091EBF1ADFE99D004A2782 /* Supporting Files */ = {
			isa = PBXGroup;
			children = (
				BE091EC01ADFE99D004A2782 /* Info.plist */,
			);
			name = "Supporting Files";
			sourceTree = "<group>";
		};
		BE091ED81ADFE99D004A2782 /* ShootEggsTests */ = {
			isa = PBXGroup;
			children = (
				BE091EDB1ADFE99D004A2782 /* ShootEggsTests.swift */,
				BE091ED91ADFE99D004A2782 /* Supporting Files */,
			);
			path = ShootEggsTests;
			sourceTree = "<group>";
		};
		BE091ED91ADFE99D004A2782 /* Supporting Files */ = {
			isa = PBXGroup;
			children = (
				BE091EDA1ADFE99D004A2782 /* Info.plist */,
			);
			name = "Supporting Files";
			sourceTree = "<group>";
		};
		BE091EEB1ADFF49C004A2782 /* Image */ = {
			isa = PBXGroup;
			children = (
				BE7EF2071AE181930063CE77 /* ball_2.png */,
				BE7EF1FD1AE16C3D0063CE77 /* ball_0.png */,
				BE7EF1FE1AE16C3D0063CE77 /* ball_1.png */,
				BE7EF2001AE16C3D0063CE77 /* ball_3.png */,
				BE7EF2011AE16C3D0063CE77 /* ball_4.png */,
				BE091EEC1ADFF4A7004A2782 /* blue.png */,
				BE091EED1ADFF4A7004A2782 /* red.png */,
				BE091EEE1ADFF4A7004A2782 /* white.png */,
			);
			name = Image;
			sourceTree = "<group>";
		};
/* End PBXGroup section */

/* Begin PBXNativeTarget section */
		BE091EBB1ADFE99D004A2782 /* ShootEggs */ = {
			isa = PBXNativeTarget;
			buildConfigurationList = BE091EDF1ADFE99D004A2782 /* Build configuration list for PBXNativeTarget "ShootEggs" */;
			buildPhases = (
				BE091EB81ADFE99D004A2782 /* Sources */,
				BE091EB91ADFE99D004A2782 /* Frameworks */,
				BE091EBA1ADFE99D004A2782 /* Resources */,
			);
			buildRules = (
			);
			dependencies = (
			);
			name = ShootEggs;
			productName = ShootEggs;
			productReference = BE091EBC1ADFE99D004A2782 /* ShootEggs.app */;
			productType = "com.apple.product-type.application";
		};
		BE091ED41ADFE99D004A2782 /* ShootEggsTests */ = {
			isa = PBXNativeTarget;
			buildConfigurationList = BE091EE21ADFE99D004A2782 /* Build configuration list for PBXNativeTarget "ShootEggsTests" */;
			buildPhases = (
				BE091ED11ADFE99D004A2782 /* Sources */,
				BE091ED21ADFE99D004A2782 /* Frameworks */,
				BE091ED31ADFE99D004A2782 /* Resources */,
			);
			buildRules = (
			);
			dependencies = (
				BE091ED71ADFE99D004A2782 /* PBXTargetDependency */,
			);
			name = ShootEggsTests;
			productName = ShootEggsTests;
			productReference = BE091ED51ADFE99D004A2782 /* ShootEggsTests.xctest */;
			productType = "com.apple.product-type.bundle.unit-test";
		};
/* End PBXNativeTarget section */

/* Begin PBXProject section */
		BE091EB41ADFE99D004A2782 /* Project object */ = {
			isa = PBXProject;
			attributes = {
				LastUpgradeCheck = 0630;
				ORGANIZATIONNAME = "phuc nguyen";
				TargetAttributes = {
					BE091EBB1ADFE99D004A2782 = {
						CreatedOnToolsVersion = 6.3;
					};
					BE091ED41ADFE99D004A2782 = {
						CreatedOnToolsVersion = 6.3;
						TestTargetID = BE091EBB1ADFE99D004A2782;
					};
				};
			};
			buildConfigurationList = BE091EB71ADFE99D004A2782 /* Build configuration list for PBXProject "ShootEggs" */;
			compatibilityVersion = "Xcode 3.2";
			developmentRegion = English;
			hasScannedForEncodings = 0;
			knownRegions = (
				en,
				Base,
			);
			mainGroup = BE091EB31ADFE99D004A2782;
			productRefGroup = BE091EBD1ADFE99D004A2782 /* Products */;
			projectDirPath = "";
			projectRoot = "";
			targets = (
				BE091EBB1ADFE99D004A2782 /* ShootEggs */,
				BE091ED41ADFE99D004A2782 /* ShootEggsTests */,
			);
		};
/* End PBXProject section */

/* Begin PBXResourcesBuildPhase section */
		BE091EBA1ADFE99D004A2782 /* Resources */ = {
			isa = PBXResourcesBuildPhase;
			buildActionMask = 2147483647;
			files = (
				BE091ED01ADFE99D004A2782 /* LaunchScreen.xib in Resources */,
				BE7EF2081AE181930063CE77 /* ball_2.png in Resources */,
				BE091EEF1ADFF4A7004A2782 /* blue.png in Resources */,
				BE7EF2051AE16C3D0063CE77 /* ball_3.png in Resources */,
				BE091ECD1ADFE99D004A2782 /* Images.xcassets in Resources */,
				BE091EF01ADFF4A7004A2782 /* red.png in Resources */,
				BE091EC41ADFE99D004A2782 /* GameScene.sks in Resources */,
				BE7EF2031AE16C3D0063CE77 /* ball_1.png in Resources */,
				BE091EF11ADFF4A7004A2782 /* white.png in Resources */,
				BE091ECB1ADFE99D004A2782 /* Main.storyboard in Resources */,
				BE7EF2021AE16C3D0063CE77 /* ball_0.png in Resources */,
				BE7EF2061AE16C3D0063CE77 /* ball_4.png in Resources */,
			);
			runOnlyForDeploymentPostprocessing = 0;
		};
		BE091ED31ADFE99D004A2782 /* Resources */ = {
			isa = PBXResourcesBuildPhase;
			buildActionMask = 2147483647;
			files = (
			);
			runOnlyForDeploymentPostprocessing = 0;
		};
/* End PBXResourcesBuildPhase section */

/* Begin PBXSourcesBuildPhase section */
		BE091EB81ADFE99D004A2782 /* Sources */ = {
			isa = PBXSourcesBuildPhase;
			buildActionMask = 2147483647;
			files = (
				BE091EEA1ADFF079004A2782 /* Level.swift in Sources */,
				BE7EF1FC1AE168720063CE77 /* Bubble.swift in Sources */,
				BE091EE61ADFEC0B004A2782 /* EggNote.swift in Sources */,
				BE091EC81ADFE99D004A2782 /* GameViewController.swift in Sources */,
				BE091EC21ADFE99D004A2782 /* AppDelegate.swift in Sources */,
				BECC9AA31AE24B070091B900 /* GameScene.swift in Sources */,
				BE091EE81ADFF018004A2782 /* Array2D.swift in Sources */,
			);
			runOnlyForDeploymentPostprocessing = 0;
		};
		BE091ED11ADFE99D004A2782 /* Sources */ = {
			isa = PBXSourcesBuildPhase;
			buildActionMask = 2147483647;
			files = (
				BE091EDC1ADFE99D004A2782 /* ShootEggsTests.swift in Sources */,
			);
			runOnlyForDeploymentPostprocessing = 0;
		};
/* End PBXSourcesBuildPhase section */

/* Begin PBXTargetDependency section */
		BE091ED71ADFE99D004A2782 /* PBXTargetDependency */ = {
			isa = PBXTargetDependency;
			target = BE091EBB1ADFE99D004A2782 /* ShootEggs */;
			targetProxy = BE091ED61ADFE99D004A2782 /* PBXContainerItemProxy */;
		};
/* End PBXTargetDependency section */

/* Begin PBXVariantGroup section */
		BE091EC91ADFE99D004A2782 /* Main.storyboard */ = {
			isa = PBXVariantGroup;
			children = (
				BE091ECA1ADFE99D004A2782 /* Base */,
			);
			name = Main.storyboard;
			sourceTree = "<group>";
		};
		BE091ECE1ADFE99D004A2782 /* LaunchScreen.xib */ = {
			isa = PBXVariantGroup;
			children = (
				BE091ECF1ADFE99D004A2782 /* Base */,
			);
			name = LaunchScreen.xib;
			sourceTree = "<group>";
		};
/* End PBXVariantGroup section */

/* Begin XCBuildConfiguration section */
		BE091EDD1ADFE99D004A2782 /* Debug */ = {
			isa = XCBuildConfiguration;
			buildSettings = {
				ALWAYS_SEARCH_USER_PATHS = NO;
				CLANG_CXX_LANGUAGE_STANDARD = "gnu++0x";
				CLANG_CXX_LIBRARY = "libc++";
				CLANG_ENABLE_MODULES = YES;
				CLANG_ENABLE_OBJC_ARC = YES;
				CLANG_WARN_BOOL_CONVERSION = YES;
				CLANG_WARN_CONSTANT_CONVERSION = YES;
				CLANG_WARN_DIRECT_OBJC_ISA_USAGE = YES_ERROR;
				CLANG_WARN_EMPTY_BODY = YES;
				CLANG_WARN_ENUM_CONVERSION = YES;
				CLANG_WARN_INT_CONVERSION = YES;
				CLANG_WARN_OBJC_ROOT_CLASS = YES_ERROR;
				CLANG_WARN_UNREACHABLE_CODE = YES;
				CLANG_WARN__DUPLICATE_METHOD_MATCH = YES;
				"CODE_SIGN_IDENTITY[sdk=iphoneos*]" = "iPhone Developer";
				COPY_PHASE_STRIP = NO;
				DEBUG_INFORMATION_FORMAT = "dwarf-with-dsym";
				ENABLE_STRICT_OBJC_MSGSEND = YES;
				GCC_C_LANGUAGE_STANDARD = gnu99;
				GCC_DYNAMIC_NO_PIC = NO;
				GCC_NO_COMMON_BLOCKS = YES;
				GCC_OPTIMIZATION_LEVEL = 0;
				GCC_PREPROCESSOR_DEFINITIONS = (
					"DEBUG=1",
					"$(inherited)",
				);
				GCC_SYMBOLS_PRIVATE_EXTERN = NO;
				GCC_WARN_64_TO_32_BIT_CONVERSION = YES;
				GCC_WARN_ABOUT_RETURN_TYPE = YES_ERROR;
				GCC_WARN_UNDECLARED_SELECTOR = YES;
				GCC_WARN_UNINITIALIZED_AUTOS = YES_AGGRESSIVE;
				GCC_WARN_UNUSED_FUNCTION = YES;
				GCC_WARN_UNUSED_VARIABLE = YES;
				IPHONEOS_DEPLOYMENT_TARGET = 8.3;
				MTL_ENABLE_DEBUG_INFO = YES;
				ONLY_ACTIVE_ARCH = YES;
				SDKROOT = iphoneos;
				SWIFT_OPTIMIZATION_LEVEL = "-Onone";
			};
			name = Debug;
		};
		BE091EDE1ADFE99D004A2782 /* Release */ = {
			isa = XCBuildConfiguration;
			buildSettings = {
				ALWAYS_SEARCH_USER_PATHS = NO;
				CLANG_CXX_LANGUAGE_STANDARD = "gnu++0x";
				CLANG_CXX_LIBRARY = "libc++";
				CLANG_ENABLE_MODULES = YES;
				CLANG_ENABLE_OBJC_ARC = YES;
				CLANG_WARN_BOOL_CONVERSION = YES;
				CLANG_WARN_CONSTANT_CONVERSION = YES;
				CLANG_WARN_DIRECT_OBJC_ISA_USAGE = YES_ERROR;
				CLANG_WARN_EMPTY_BODY = YES;
				CLANG_WARN_ENUM_CONVERSION = YES;
				CLANG_WARN_INT_CONVERSION = YES;
				CLANG_WARN_OBJC_ROOT_CLASS = YES_ERROR;
				CLANG_WARN_UNREACHABLE_CODE = YES;
				CLANG_WARN__DUPLICATE_METHOD_MATCH = YES;
				"CODE_SIGN_IDENTITY[sdk=iphoneos*]" = "iPhone Developer";
				COPY_PHASE_STRIP = NO;
				DEBUG_INFORMATION_FORMAT = "dwarf-with-dsym";
				ENABLE_NS_ASSERTIONS = NO;
				ENABLE_STRICT_OBJC_MSGSEND = YES;
				GCC_C_LANGUAGE_STANDARD = gnu99;
				GCC_NO_COMMON_BLOCKS = YES;
				GCC_WARN_64_TO_32_BIT_CONVERSION = YES;
				GCC_WARN_ABOUT_RETURN_TYPE = YES_ERROR;
				GCC_WARN_UNDECLARED_SELECTOR = YES;
				GCC_WARN_UNINITIALIZED_AUTOS = YES_AGGRESSIVE;
				GCC_WARN_UNUSED_FUNCTION = YES;
				GCC_WARN_UNUSED_VARIABLE = YES;
				IPHONEOS_DEPLOYMENT_TARGET = 8.3;
				MTL_ENABLE_DEBUG_INFO = NO;
				SDKROOT = iphoneos;
				VALIDATE_PRODUCT = YES;
			};
			name = Release;
		};
		BE091EE01ADFE99D004A2782 /* Debug */ = {
			isa = XCBuildConfiguration;
			buildSettings = {
				ASSETCATALOG_COMPILER_APPICON_NAME = AppIcon;
				INFOPLIST_FILE = ShootEggs/Info.plist;
				LD_RUNPATH_SEARCH_PATHS = "$(inherited) @executable_path/Frameworks";
				PRODUCT_NAME = "$(TARGET_NAME)";
			};
			name = Debug;
		};
		BE091EE11ADFE99D004A2782 /* Release */ = {
			isa = XCBuildConfiguration;
			buildSettings = {
				ASSETCATALOG_COMPILER_APPICON_NAME = AppIcon;
				INFOPLIST_FILE = ShootEggs/Info.plist;
				LD_RUNPATH_SEARCH_PATHS = "$(inherited) @executable_path/Frameworks";
				PRODUCT_NAME = "$(TARGET_NAME)";
			};
			name = Release;
		};
		BE091EE31ADFE99D004A2782 /* Debug */ = {
			isa = XCBuildConfiguration;
			buildSettings = {
				BUNDLE_LOADER = "$(TEST_HOST)";
				FRAMEWORK_SEARCH_PATHS = (
					"$(SDKROOT)/Developer/Library/Frameworks",
					"$(inherited)",
				);
				GCC_PREPROCESSOR_DEFINITIONS = (
					"DEBUG=1",
					"$(inherited)",
				);
				INFOPLIST_FILE = ShootEggsTests/Info.plist;
				LD_RUNPATH_SEARCH_PATHS = "$(inherited) @executable_path/Frameworks @loader_path/Frameworks";
				PRODUCT_NAME = "$(TARGET_NAME)";
				TEST_HOST = "$(BUILT_PRODUCTS_DIR)/ShootEggs.app/ShootEggs";
			};
			name = Debug;
		};
		BE091EE41ADFE99D004A2782 /* Release */ = {
			isa = XCBuildConfiguration;
			buildSettings = {
				BUNDLE_LOADER = "$(TEST_HOST)";
				FRAMEWORK_SEARCH_PATHS = (
					"$(SDKROOT)/Developer/Library/Frameworks",
					"$(inherited)",
				);
				INFOPLIST_FILE = ShootEggsTests/Info.plist;
				LD_RUNPATH_SEARCH_PATHS = "$(inherited) @executable_path/Frameworks @loader_path/Frameworks";
				PRODUCT_NAME = "$(TARGET_NAME)";
				TEST_HOST = "$(BUILT_PRODUCTS_DIR)/ShootEggs.app/ShootEggs";
			};
			name = Release;
		};
/* End XCBuildConfiguration section */

/* Begin XCConfigurationList section */
		BE091EB71ADFE99D004A2782 /* Build configuration list for PBXProject "ShootEggs" */ = {
			isa = XCConfigurationList;
			buildConfigurations = (
				BE091EDD1ADFE99D004A2782 /* Debug */,
				BE091EDE1ADFE99D004A2782 /* Release */,
			);
			defaultConfigurationIsVisible = 0;
			defaultConfigurationName = Release;
		};
		BE091EDF1ADFE99D004A2782 /* Build configuration list for PBXNativeTarget "ShootEggs" */ = {
			isa = XCConfigurationList;
			buildConfigurations = (
				BE091EE01ADFE99D004A2782 /* Debug */,
				BE091EE11ADFE99D004A2782 /* Release */,
			);
			defaultConfigurationIsVisible = 0;
			defaultConfigurationName = Release;
		};
		BE091EE21ADFE99D004A2782 /* Build configuration list for PBXNativeTarget "ShootEggsTests" */ = {
			isa = XCConfigurationList;
			buildConfigurations = (
				BE091EE31ADFE99D004A2782 /* Debug */,
				BE091EE41ADFE99D004A2782 /* Release */,
			);
			defaultConfigurationIsVisible = 0;
			defaultConfigurationName = Release;
		};
/* End XCConfigurationList section */
	};
	rootObject = BE091EB41ADFE99D004A2782 /* Project object */;
}
